
Microsoft Visual Studio Solution File, Format Version 12.00
# Visual Studio Version 17
VisualStudioVersion = 17.5.2.0
MinimumVisualStudioVersion = 10.0.40219.1
Project("{2150E333-8FDC-42A3-9474-1A3956D46DE8}") = "CsharpProjects", "CsharpProjects", "{377645E0-7459-E4D6-7B01-C40A186E0CA7}"
EndProject
Project("{FAE04EC0-301F-11D3-BF4B-00C04F79EFBC}") = "TestProject1", "CsharpProjects\TestProject1\TestProject1.csproj", "{FC942137-AB1F-28E0-DCD0-D871CEB56743}"
EndProject
Project("{FAE04EC0-301F-11D3-BF4B-00C04F79EFBC}") = "TestProject2", "CsharpProjects\TestProject2\TestProject2.csproj", "{89F9FF55-2C94-4300-8492-E6823210B81F}"
EndProject
Project("{FAE04EC0-301F-11D3-BF4B-00C04F79EFBC}") = "TestProject4", "CsharpProjects\TestProject4\TestProject4.csproj", "{CB265771-784E-4EBA-9651-A5AA84E248DE}"
EndProject
Project("{FAE04EC0-301F-11D3-BF4B-00C04F79EFBC}") = "TestProject5", "CsharpProjects\TestProject5\TestProject5.csproj", "{66E4FDC8-EFD3-4699-9C12-DBEBE435271F}"
EndProject
Project("{FAE04EC0-301F-11D3-BF4B-00C04F79EFBC}") = "TestProject6", "CsharpProjects\TestProject6\TestProject6.csproj", "{D981071E-EBA3-439A-B077-3B93C34AA2F3}"
EndProject
Project("{FAE04EC0-301F-11D3-BF4B-00C04F79EFBC}") = "TestProject7", "CsharpProjects\TestProject7\TestProject7.csproj", "{95DFEE8D-D590-4CE0-8349-A072E50EB460}"
EndProject
Project("{FAE04EC0-301F-11D3-BF4B-00C04F79EFBC}") = "TestProject8", "CsharpProjects\TestProject8\TestProject8.csproj", "{DF42BA61-C9A3-4FEE-88CB-014BA4D2D4E3}"
EndProject
Global
	GlobalSection(SolutionConfigurationPlatforms) = preSolution
		Debug|Any CPU = Debug|Any CPU
		Debug|x64 = Debug|x64
		Debug|x86 = Debug|x86
		Release|Any CPU = Release|Any CPU
		Release|x64 = Release|x64
		Release|x86 = Release|x86
	EndGlobalSection
	GlobalSection(ProjectConfigurationPlatforms) = postSolution
		{FC942137-AB1F-28E0-DCD0-D871CEB56743}.Debug|Any CPU.ActiveCfg = Debug|Any CPU
		{FC942137-AB1F-28E0-DCD0-D871CEB56743}.Debug|Any CPU.Build.0 = Debug|Any CPU
		{FC942137-AB1F-28E0-DCD0-D871CEB56743}.Debug|x64.ActiveCfg = Debug|Any CPU
		{FC942137-AB1F-28E0-DCD0-D871CEB56743}.Debug|x64.Build.0 = Debug|Any CPU
		{FC942137-AB1F-28E0-DCD0-D871CEB56743}.Debug|x86.ActiveCfg = Debug|Any CPU
		{FC942137-AB1F-28E0-DCD0-D871CEB56743}.Debug|x86.Build.0 = Debug|Any CPU
		{FC942137-AB1F-28E0-DCD0-D871CEB56743}.Release|Any CPU.ActiveCfg = Release|Any CPU
		{FC942137-AB1F-28E0-DCD0-D871CEB56743}.Release|Any CPU.Build.0 = Release|Any CPU
		{FC942137-AB1F-28E0-DCD0-D871CEB56743}.Release|x64.ActiveCfg = Release|Any CPU
		{FC942137-AB1F-28E0-DCD0-D871CEB56743}.Release|x64.Build.0 = Release|Any CPU
		{FC942137-AB1F-28E0-DCD0-D871CEB56743}.Release|x86.ActiveCfg = Release|Any CPU
		{FC942137-AB1F-28E0-DCD0-D871CEB56743}.Release|x86.Build.0 = Release|Any CPU
		{89F9FF55-2C94-4300-8492-E6823210B81F}.Debug|Any CPU.ActiveCfg = Debug|Any CPU
		{89F9FF55-2C94-4300-8492-E6823210B81F}.Debug|Any CPU.Build.0 = Debug|Any CPU
		{89F9FF55-2C94-4300-8492-E6823210B81F}.Debug|x64.ActiveCfg = Debug|Any CPU
		{89F9FF55-2C94-4300-8492-E6823210B81F}.Debug|x64.Build.0 = Debug|Any CPU
		{89F9FF55-2C94-4300-8492-E6823210B81F}.Debug|x86.ActiveCfg = Debug|Any CPU
		{89F9FF55-2C94-4300-8492-E6823210B81F}.Debug|x86.Build.0 = Debug|Any CPU
		{89F9FF55-2C94-4300-8492-E6823210B81F}.Release|Any CPU.ActiveCfg = Release|Any CPU
		{89F9FF55-2C94-4300-8492-E6823210B81F}.Release|Any CPU.Build.0 = Release|Any CPU
		{89F9FF55-2C94-4300-8492-E6823210B81F}.Release|x64.ActiveCfg = Release|Any CPU
		{89F9FF55-2C94-4300-8492-E6823210B81F}.Release|x64.Build.0 = Release|Any CPU
		{89F9FF55-2C94-4300-8492-E6823210B81F}.Release|x86.ActiveCfg = Release|Any CPU
		{89F9FF55-2C94-4300-8492-E6823210B81F}.Release|x86.Build.0 = Release|Any CPU
		{CB265771-784E-4EBA-9651-A5AA84E248DE}.Debug|Any CPU.ActiveCfg = Debug|Any CPU
		{CB265771-784E-4EBA-9651-A5AA84E248DE}.Debug|Any CPU.Build.0 = Debug|Any CPU
		{CB265771-784E-4EBA-9651-A5AA84E248DE}.Debug|x64.ActiveCfg = Debug|Any CPU
		{CB265771-784E-4EBA-9651-A5AA84E248DE}.Debug|x64.Build.0 = Debug|Any CPU
		{CB265771-784E-4EBA-9651-A5AA84E248DE}.Debug|x86.ActiveCfg = Debug|Any CPU
		{CB265771-784E-4EBA-9651-A5AA84E248DE}.Debug|x86.Build.0 = Debug|Any CPU
		{CB265771-784E-4EBA-9651-A5AA84E248DE}.Release|Any CPU.ActiveCfg = Release|Any CPU
		{CB265771-784E-4EBA-9651-A5AA84E248DE}.Release|Any CPU.Build.0 = Release|Any CPU
		{CB265771-784E-4EBA-9651-A5AA84E248DE}.Release|x64.ActiveCfg = Release|Any CPU
		{CB265771-784E-4EBA-9651-A5AA84E248DE}.Release|x64.Build.0 = Release|Any CPU
		{CB265771-784E-4EBA-9651-A5AA84E248DE}.Release|x86.ActiveCfg = Release|Any CPU
		{CB265771-784E-4EBA-9651-A5AA84E248DE}.Release|x86.Build.0 = Release|Any CPU
		{66E4FDC8-EFD3-4699-9C12-DBEBE435271F}.Debug|Any CPU.ActiveCfg = Debug|Any CPU
		{66E4FDC8-EFD3-4699-9C12-DBEBE435271F}.Debug|Any CPU.Build.0 = Debug|Any CPU
		{66E4FDC8-EFD3-4699-9C12-DBEBE435271F}.Debug|x64.ActiveCfg = Debug|Any CPU
		{66E4FDC8-EFD3-4699-9C12-DBEBE435271F}.Debug|x64.Build.0 = Debug|Any CPU
		{66E4FDC8-EFD3-4699-9C12-DBEBE435271F}.Debug|x86.ActiveCfg = Debug|Any CPU
		{66E4FDC8-EFD3-4699-9C12-DBEBE435271F}.Debug|x86.Build.0 = Debug|Any CPU
		{66E4FDC8-EFD3-4699-9C12-DBEBE435271F}.Release|Any CPU.ActiveCfg = Release|Any CPU
		{66E4FDC8-EFD3-4699-9C12-DBEBE435271F}.Release|Any CPU.Build.0 = Release|Any CPU
		{66E4FDC8-EFD3-4699-9C12-DBEBE435271F}.Release|x64.ActiveCfg = Release|Any CPU
		{66E4FDC8-EFD3-4699-9C12-DBEBE435271F}.Release|x64.Build.0 = Release|Any CPU
		{66E4FDC8-EFD3-4699-9C12-DBEBE435271F}.Release|x86.ActiveCfg = Release|Any CPU
		{66E4FDC8-EFD3-4699-9C12-DBEBE435271F}.Release|x86.Build.0 = Release|Any CPU
		{D981071E-EBA3-439A-B077-3B93C34AA2F3}.Debug|Any CPU.ActiveCfg = Debug|Any CPU
		{D981071E-EBA3-439A-B077-3B93C34AA2F3}.Debug|Any CPU.Build.0 = Debug|Any CPU
		{D981071E-EBA3-439A-B077-3B93C34AA2F3}.Debug|x64.ActiveCfg = Debug|Any CPU
		{D981071E-EBA3-439A-B077-3B93C34AA2F3}.Debug|x64.Build.0 = Debug|Any CPU
		{D981071E-EBA3-439A-B077-3B93C34AA2F3}.Debug|x86.ActiveCfg = Debug|Any CPU
		{D981071E-EBA3-439A-B077-3B93C34AA2F3}.Debug|x86.Build.0 = Debug|Any CPU
		{D981071E-EBA3-439A-B077-3B93C34AA2F3}.Release|Any CPU.ActiveCfg = Release|Any CPU
		{D981071E-EBA3-439A-B077-3B93C34AA2F3}.Release|Any CPU.Build.0 = Release|Any CPU
		{D981071E-EBA3-439A-B077-3B93C34AA2F3}.Release|x64.ActiveCfg = Release|Any CPU
		{D981071E-EBA3-439A-B077-3B93C34AA2F3}.Release|x64.Build.0 = Release|Any CPU
		{D981071E-EBA3-439A-B077-3B93C34AA2F3}.Release|x86.ActiveCfg = Release|Any CPU
		{D981071E-EBA3-439A-B077-3B93C34AA2F3}.Release|x86.Build.0 = Release|Any CPU
		{95DFEE8D-D590-4CE0-8349-A072E50EB460}.Debug|Any CPU.ActiveCfg = Debug|Any CPU
		{95DFEE8D-D590-4CE0-8349-A072E50EB460}.Debug|Any CPU.Build.0 = Debug|Any CPU
		{95DFEE8D-D590-4CE0-8349-A072E50EB460}.Debug|x64.ActiveCfg = Debug|Any CPU
		{95DFEE8D-D590-4CE0-8349-A072E50EB460}.Debug|x64.Build.0 = Debug|Any CPU
		{95DFEE8D-D590-4CE0-8349-A072E50EB460}.Debug|x86.ActiveCfg = Debug|Any CPU
		{95DFEE8D-D590-4CE0-8349-A072E50EB460}.Debug|x86.Build.0 = Debug|Any CPU
		{95DFEE8D-D590-4CE0-8349-A072E50EB460}.Release|Any CPU.ActiveCfg = Release|Any CPU
		{95DFEE8D-D590-4CE0-8349-A072E50EB460}.Release|Any CPU.Build.0 = Release|Any CPU
		{95DFEE8D-D590-4CE0-8349-A072E50EB460}.Release|x64.ActiveCfg = Release|Any CPU
		{95DFEE8D-D590-4CE0-8349-A072E50EB460}.Release|x64.Build.0 = Release|Any CPU
		{95DFEE8D-D590-4CE0-8349-A072E50EB460}.Release|x86.ActiveCfg = Release|Any CPU
		{95DFEE8D-D590-4CE0-8349-A072E50EB460}.Release|x86.Build.0 = Release|Any CPU
		{DF42BA61-C9A3-4FEE-88CB-014BA4D2D4E3}.Debug|Any CPU.ActiveCfg = Debug|Any CPU
		{DF42BA61-C9A3-4FEE-88CB-014BA4D2D4E3}.Debug|Any CPU.Build.0 = Debug|Any CPU
		{DF42BA61-C9A3-4FEE-88CB-014BA4D2D4E3}.Debug|x64.ActiveCfg = Debug|Any CPU
		{DF42BA61-C9A3-4FEE-88CB-014BA4D2D4E3}.Debug|x64.Build.0 = Debug|Any CPU
		{DF42BA61-C9A3-4FEE-88CB-014BA4D2D4E3}.Debug|x86.ActiveCfg = Debug|Any CPU
		{DF42BA61-C9A3-4FEE-88CB-014BA4D2D4E3}.Debug|x86.Build.0 = Debug|Any CPU
		{DF42BA61-C9A3-4FEE-88CB-014BA4D2D4E3}.Release|Any CPU.ActiveCfg = Release|Any CPU
		{DF42BA61-C9A3-4FEE-88CB-014BA4D2D4E3}.Release|Any CPU.Build.0 = Release|Any CPU
		{DF42BA61-C9A3-4FEE-88CB-014BA4D2D4E3}.Release|x64.ActiveCfg = Release|Any CPU
		{DF42BA61-C9A3-4FEE-88CB-014BA4D2D4E3}.Release|x64.Build.0 = Release|Any CPU
		{DF42BA61-C9A3-4FEE-88CB-014BA4D2D4E3}.Release|x86.ActiveCfg = Release|Any CPU
		{DF42BA61-C9A3-4FEE-88CB-014BA4D2D4E3}.Release|x86.Build.0 = Release|Any CPU
	EndGlobalSection
	GlobalSection(SolutionProperties) = preSolution
		HideSolutionNode = FALSE
	EndGlobalSection
	GlobalSection(NestedProjects) = preSolution
		{FC942137-AB1F-28E0-DCD0-D871CEB56743} = {377645E0-7459-E4D6-7B01-C40A186E0CA7}
		{89F9FF55-2C94-4300-8492-E6823210B81F} = {377645E0-7459-E4D6-7B01-C40A186E0CA7}
		{CB265771-784E-4EBA-9651-A5AA84E248DE} = {377645E0-7459-E4D6-7B01-C40A186E0CA7}
		{66E4FDC8-EFD3-4699-9C12-DBEBE435271F} = {377645E0-7459-E4D6-7B01-C40A186E0CA7}
		{D981071E-EBA3-439A-B077-3B93C34AA2F3} = {377645E0-7459-E4D6-7B01-C40A186E0CA7}
		{95DFEE8D-D590-4CE0-8349-A072E50EB460} = {377645E0-7459-E4D6-7B01-C40A186E0CA7}
		{DF42BA61-C9A3-4FEE-88CB-014BA4D2D4E3} = {377645E0-7459-E4D6-7B01-C40A186E0CA7}
	EndGlobalSection
	GlobalSection(ExtensibilityGlobals) = postSolution
		SolutionGuid = {8FFF9DFB-54E9-4B01-B5CE-00EFA9653B18}
	EndGlobalSection
EndGlobal
